
Microsoft Visual Studio Solution File, Format Version 12.00
# Visual Studio Version 16
VisualStudioVersion = 16.0.31321.278
MinimumVisualStudioVersion = 10.0.40219.1
Project("{9A19103F-16F7-4668-BE54-9A1E7A4F7556}") = "License Manager", "A_project\License Manager.csproj", "{F62B25FF-2A23-44B5-892B-FFA6BF863464}"
EndProject
Project("{9A19103F-16F7-4668-BE54-9A1E7A4F7556}") = "DemoApp", "..\DemoApp\DemoApp\DemoApp.csproj", "{92EFEA3A-7E6D-41B5-8C77-7BCFE4588A3D}"
EndProject
Project("{9A19103F-16F7-4668-BE54-9A1E7A4F7556}") = "RegistrationManager", "..\RegistrationManager\RegistrationManager\RegistrationManager.csproj", "{5DFF021E-C33A-41E0-B4D8-9950943061FB}"
EndProject
Global
	GlobalSection(SolutionConfigurationPlatforms) = preSolution
		Debug|Any CPU = Debug|Any CPU
		Debug|x64 = Debug|x64
		Release|Any CPU = Release|Any CPU
		Release|x64 = Release|x64
	EndGlobalSection
	GlobalSection(ProjectConfigurationPlatforms) = postSolution
		{F62B25FF-2A23-44B5-892B-FFA6BF863464}.Debug|Any CPU.ActiveCfg = Debug|Any CPU
		{F62B25FF-2A23-44B5-892B-FFA6BF863464}.Debug|Any CPU.Build.0 = Debug|Any CPU
		{F62B25FF-2A23-44B5-892B-FFA6BF863464}.Debug|x64.ActiveCfg = Debug|x64
		{F62B25FF-2A23-44B5-892B-FFA6BF863464}.Debug|x64.Build.0 = Debug|x64
		{F62B25FF-2A23-44B5-892B-FFA6BF863464}.Release|Any CPU.ActiveCfg = Release|Any CPU
		{F62B25FF-2A23-44B5-892B-FFA6BF863464}.Release|Any CPU.Build.0 = Release|Any CPU
		{F62B25FF-2A23-44B5-892B-FFA6BF863464}.Release|x64.ActiveCfg = Release|x64
		{F62B25FF-2A23-44B5-892B-FFA6BF863464}.Release|x64.Build.0 = Release|x64
		{92EFEA3A-7E6D-41B5-8C77-7BCFE4588A3D}.Debug|Any CPU.ActiveCfg = Debug|Any CPU
		{92EFEA3A-7E6D-41B5-8C77-7BCFE4588A3D}.Debug|Any CPU.Build.0 = Debug|Any CPU
		{92EFEA3A-7E6D-41B5-8C77-7BCFE4588A3D}.Debug|x64.ActiveCfg = Debug|x64
		{92EFEA3A-7E6D-41B5-8C77-7BCFE4588A3D}.Debug|x64.Build.0 = Debug|x64
		{92EFEA3A-7E6D-41B5-8C77-7BCFE4588A3D}.Release|Any CPU.ActiveCfg = Release|Any CPU
		{92EFEA3A-7E6D-41B5-8C77-7BCFE4588A3D}.Release|Any CPU.Build.0 = Release|Any CPU
		{92EFEA3A-7E6D-41B5-8C77-7BCFE4588A3D}.Release|x64.ActiveCfg = Release|x64
		{92EFEA3A-7E6D-41B5-8C77-7BCFE4588A3D}.Release|x64.Build.0 = Release|x64
		{5DFF021E-C33A-41E0-B4D8-9950943061FB}.Debug|Any CPU.ActiveCfg = Debug|x64
		{5DFF021E-C33A-41E0-B4D8-9950943061FB}.Debug|Any CPU.Build.0 = Debug|x64
		{5DFF021E-C33A-41E0-B4D8-9950943061FB}.Debug|x64.ActiveCfg = Debug|x64
		{5DFF021E-C33A-41E0-B4D8-9950943061FB}.Debug|x64.Build.0 = Debug|x64
		{5DFF021E-C33A-41E0-B4D8-9950943061FB}.Release|Any CPU.ActiveCfg = Release|Any CPU
		{5DFF021E-C33A-41E0-B4D8-9950943061FB}.Release|Any CPU.Build.0 = Release|Any CPU
		{5DFF021E-C33A-41E0-B4D8-9950943061FB}.Release|x64.ActiveCfg = Release|x64
		{5DFF021E-C33A-41E0-B4D8-9950943061FB}.Release|x64.Build.0 = Release|x64
	EndGlobalSection
	GlobalSection(SolutionProperties) = preSolution
		HideSolutionNode = FALSE
	EndGlobalSection
	GlobalSection(ExtensibilityGlobals) = postSolution
		SolutionGuid = {8324EB0D-A43B-4DBF-9D45-A64762C3918E}
	EndGlobalSection
EndGlobal
